
Microsoft Visual Studio Solution File, Format Version 12.00
# Visual Studio Version 16
VisualStudioVersion = 16.0.30611.23
MinimumVisualStudioVersion = 10.0.40219.1
Project("{2150E333-8FDC-42A3-9474-1A3956D46DE8}") = "Frontend", "Frontend", "{CF791B60-E995-49FF-B373-F8078A92EFDF}"
EndProject
Project("{2150E333-8FDC-42A3-9474-1A3956D46DE8}") = "Backend", "Backend", "{5D2EEEE7-526B-418C-BBF1-336320E1D565}"
EndProject
Project("{2150E333-8FDC-42A3-9474-1A3956D46DE8}") = "DB", "DB", "{D6404729-4642-4886-80DB-30F762D8B8F9}"
EndProject
Project("{2150E333-8FDC-42A3-9474-1A3956D46DE8}") = "Queue", "Queue", "{49FE9030-8595-41B9-8ED6-2EEC2B35EA12}"
	ProjectSection(SolutionItems) = preProject
		DockerFile.txt = DockerFile.txt
	EndProjectSection
EndProject
Project("{2150E333-8FDC-42A3-9474-1A3956D46DE8}") = "Mobile", "Mobile", "{5E7CF6FB-A37C-4FCA-AC9F-3B0C4D855118}"
EndProject
Project("{2150E333-8FDC-42A3-9474-1A3956D46DE8}") = "Web", "Web", "{D44A2F0A-ED02-47FA-AAFE-976602C48356}"
EndProject
Project("{FAE04EC0-301F-11D3-BF4B-00C04F79EFBC}") = "MyMobileApp.UWP", "MyMobileApp\MyMobileApp.UWP\MyMobileApp.UWP.csproj", "{ACF3E0AB-885B-4E51-B939-C362E2C0E0FB}"
EndProject
Project("{FAE04EC0-301F-11D3-BF4B-00C04F79EFBC}") = "MyMobileApp.Android", "MyMobileApp\MyMobileApp.Android\MyMobileApp.Android.csproj", "{0A385F47-4806-4C5D-8B2E-2204E3F51613}"
EndProject
Project("{FAE04EC0-301F-11D3-BF4B-00C04F79EFBC}") = "MyMobileApp.iOS", "MyMobileApp\MyMobileApp.iOS\MyMobileApp.iOS.csproj", "{151566D3-9AD7-419A-83CD-C24095D0587C}"
EndProject
Project("{FAE04EC0-301F-11D3-BF4B-00C04F79EFBC}") = "MyMobileApp", "MyMobileApp\MyMobileApp\MyMobileApp.csproj", "{B528B487-7A85-4AF8-A70F-F78AB4E20E1F}"
EndProject
Project("{FAE04EC0-301F-11D3-BF4B-00C04F79EFBC}") = "MyWebApplicationBlazorServer", "MyWebApplicationBlazorServer\MyWebApplicationBlazorServer.csproj", "{63E66467-D34C-4AC3-A3FA-5BF526719040}"
EndProject
Project("{FAE04EC0-301F-11D3-BF4B-00C04F79EFBC}") = "MyWebApplicationBlazorWebAssembly", "MyWebApplicationBlazorWebAssembly\MyWebApplicationBlazorWebAssembly.csproj", "{204918EA-8AA5-412C-9233-A175440A3154}"
EndProject
Project("{FAE04EC0-301F-11D3-BF4B-00C04F79EFBC}") = "MyWebApplicationShared", "MyWebApplicationShared\MyWebApplicationShared.csproj", "{07173AC9-0ECA-4A06-8687-9933F77E08C5}"
EndProject
Project("{2150E333-8FDC-42A3-9474-1A3956D46DE8}") = "MyService001", "MyService001", "{46DF738A-1FD3-4CB7-8C7D-05286FC73F8F}"
EndProject
Project("{2150E333-8FDC-42A3-9474-1A3956D46DE8}") = "MyService002", "MyService002", "{FDFAD3DC-691F-4A26-BB2D-6F8327FAFC84}"
EndProject
Project("{FAE04EC0-301F-11D3-BF4B-00C04F79EFBC}") = "MyBackendService001", "MyBackendService001\MyBackendService001.csproj", "{542DE70C-F0CA-4D66-ACFB-ECF3FCC3A038}"
EndProject
Project("{FAE04EC0-301F-11D3-BF4B-00C04F79EFBC}") = "MyBackendService002", "MyBackendService002\MyBackendService002.csproj", "{D71B928B-CC27-4EED-8E5C-5EDFD3158D93}"
EndProject
Project("{00D1A9C2-B5F0-4AF3-8072-F6C62B433612}") = "MyDBForService001", "MyDBForService001\MyDBForService001.sqlproj", "{A60328DC-53F7-4D19-B39D-9169C1913011}"
EndProject
Project("{00D1A9C2-B5F0-4AF3-8072-F6C62B433612}") = "MyDBForService002", "MyDBForService002\MyDBForService002.sqlproj", "{829117A0-D2C4-4715-B4F0-90D421D76BAE}"
EndProject
Global
	GlobalSection(SolutionConfigurationPlatforms) = preSolution
		Debug|Any CPU = Debug|Any CPU
		Debug|ARM = Debug|ARM
		Debug|iPhone = Debug|iPhone
		Debug|iPhoneSimulator = Debug|iPhoneSimulator
		Debug|x64 = Debug|x64
		Debug|x86 = Debug|x86
		Release|Any CPU = Release|Any CPU
		Release|ARM = Release|ARM
		Release|iPhone = Release|iPhone
		Release|iPhoneSimulator = Release|iPhoneSimulator
		Release|x64 = Release|x64
		Release|x86 = Release|x86
	EndGlobalSection
	GlobalSection(ProjectConfigurationPlatforms) = postSolution
		{ACF3E0AB-885B-4E51-B939-C362E2C0E0FB}.Debug|Any CPU.ActiveCfg = Debug|x86
		{ACF3E0AB-885B-4E51-B939-C362E2C0E0FB}.Debug|ARM.ActiveCfg = Debug|ARM
		{ACF3E0AB-885B-4E51-B939-C362E2C0E0FB}.Debug|ARM.Build.0 = Debug|ARM
		{ACF3E0AB-885B-4E51-B939-C362E2C0E0FB}.Debug|ARM.Deploy.0 = Debug|ARM
		{ACF3E0AB-885B-4E51-B939-C362E2C0E0FB}.Debug|iPhone.ActiveCfg = Debug|x86
		{ACF3E0AB-885B-4E51-B939-C362E2C0E0FB}.Debug|iPhoneSimulator.ActiveCfg = Debug|x86
		{ACF3E0AB-885B-4E51-B939-C362E2C0E0FB}.Debug|x64.ActiveCfg = Debug|x64
		{ACF3E0AB-885B-4E51-B939-C362E2C0E0FB}.Debug|x64.Build.0 = Debug|x64
		{ACF3E0AB-885B-4E51-B939-C362E2C0E0FB}.Debug|x64.Deploy.0 = Debug|x64
		{ACF3E0AB-885B-4E51-B939-C362E2C0E0FB}.Debug|x86.ActiveCfg = Debug|x86
		{ACF3E0AB-885B-4E51-B939-C362E2C0E0FB}.Debug|x86.Build.0 = Debug|x86
		{ACF3E0AB-885B-4E51-B939-C362E2C0E0FB}.Debug|x86.Deploy.0 = Debug|x86
		{ACF3E0AB-885B-4E51-B939-C362E2C0E0FB}.Release|Any CPU.ActiveCfg = Release|x86
		{ACF3E0AB-885B-4E51-B939-C362E2C0E0FB}.Release|ARM.ActiveCfg = Release|ARM
		{ACF3E0AB-885B-4E51-B939-C362E2C0E0FB}.Release|ARM.Build.0 = Release|ARM
		{ACF3E0AB-885B-4E51-B939-C362E2C0E0FB}.Release|ARM.Deploy.0 = Release|ARM
		{ACF3E0AB-885B-4E51-B939-C362E2C0E0FB}.Release|iPhone.ActiveCfg = Release|x86
		{ACF3E0AB-885B-4E51-B939-C362E2C0E0FB}.Release|iPhoneSimulator.ActiveCfg = Release|x86
		{ACF3E0AB-885B-4E51-B939-C362E2C0E0FB}.Release|x64.ActiveCfg = Release|x64
		{ACF3E0AB-885B-4E51-B939-C362E2C0E0FB}.Release|x64.Build.0 = Release|x64
		{ACF3E0AB-885B-4E51-B939-C362E2C0E0FB}.Release|x64.Deploy.0 = Release|x64
		{ACF3E0AB-885B-4E51-B939-C362E2C0E0FB}.Release|x86.ActiveCfg = Release|x86
		{ACF3E0AB-885B-4E51-B939-C362E2C0E0FB}.Release|x86.Build.0 = Release|x86
		{ACF3E0AB-885B-4E51-B939-C362E2C0E0FB}.Release|x86.Deploy.0 = Release|x86
		{0A385F47-4806-4C5D-8B2E-2204E3F51613}.Debug|Any CPU.ActiveCfg = Debug|Any CPU
		{0A385F47-4806-4C5D-8B2E-2204E3F51613}.Debug|Any CPU.Build.0 = Debug|Any CPU
		{0A385F47-4806-4C5D-8B2E-2204E3F51613}.Debug|Any CPU.Deploy.0 = Debug|Any CPU
		{0A385F47-4806-4C5D-8B2E-2204E3F51613}.Debug|ARM.ActiveCfg = Debug|Any CPU
		{0A385F47-4806-4C5D-8B2E-2204E3F51613}.Debug|ARM.Build.0 = Debug|Any CPU
		{0A385F47-4806-4C5D-8B2E-2204E3F51613}.Debug|ARM.Deploy.0 = Debug|Any CPU
		{0A385F47-4806-4C5D-8B2E-2204E3F51613}.Debug|iPhone.ActiveCfg = Debug|Any CPU
		{0A385F47-4806-4C5D-8B2E-2204E3F51613}.Debug|iPhone.Build.0 = Debug|Any CPU
		{0A385F47-4806-4C5D-8B2E-2204E3F51613}.Debug|iPhone.Deploy.0 = Debug|Any CPU
		{0A385F47-4806-4C5D-8B2E-2204E3F51613}.Debug|iPhoneSimulator.ActiveCfg = Debug|Any CPU
		{0A385F47-4806-4C5D-8B2E-2204E3F51613}.Debug|iPhoneSimulator.Build.0 = Debug|Any CPU
		{0A385F47-4806-4C5D-8B2E-2204E3F51613}.Debug|iPhoneSimulator.Deploy.0 = Debug|Any CPU
		{0A385F47-4806-4C5D-8B2E-2204E3F51613}.Debug|x64.ActiveCfg = Debug|Any CPU
		{0A385F47-4806-4C5D-8B2E-2204E3F51613}.Debug|x64.Build.0 = Debug|Any CPU
		{0A385F47-4806-4C5D-8B2E-2204E3F51613}.Debug|x64.Deploy.0 = Debug|Any CPU
		{0A385F47-4806-4C5D-8B2E-2204E3F51613}.Debug|x86.ActiveCfg = Debug|Any CPU
		{0A385F47-4806-4C5D-8B2E-2204E3F51613}.Debug|x86.Build.0 = Debug|Any CPU
		{0A385F47-4806-4C5D-8B2E-2204E3F51613}.Debug|x86.Deploy.0 = Debug|Any CPU
		{0A385F47-4806-4C5D-8B2E-2204E3F51613}.Release|Any CPU.ActiveCfg = Release|Any CPU
		{0A385F47-4806-4C5D-8B2E-2204E3F51613}.Release|Any CPU.Build.0 = Release|Any CPU
		{0A385F47-4806-4C5D-8B2E-2204E3F51613}.Release|Any CPU.Deploy.0 = Release|Any CPU
		{0A385F47-4806-4C5D-8B2E-2204E3F51613}.Release|ARM.ActiveCfg = Release|Any CPU
		{0A385F47-4806-4C5D-8B2E-2204E3F51613}.Release|ARM.Build.0 = Release|Any CPU
		{0A385F47-4806-4C5D-8B2E-2204E3F51613}.Release|ARM.Deploy.0 = Release|Any CPU
		{0A385F47-4806-4C5D-8B2E-2204E3F51613}.Release|iPhone.ActiveCfg = Release|Any CPU
		{0A385F47-4806-4C5D-8B2E-2204E3F51613}.Release|iPhone.Build.0 = Release|Any CPU
		{0A385F47-4806-4C5D-8B2E-2204E3F51613}.Release|iPhone.Deploy.0 = Release|Any CPU
		{0A385F47-4806-4C5D-8B2E-2204E3F51613}.Release|iPhoneSimulator.ActiveCfg = Release|Any CPU
		{0A385F47-4806-4C5D-8B2E-2204E3F51613}.Release|iPhoneSimulator.Build.0 = Release|Any CPU
		{0A385F47-4806-4C5D-8B2E-2204E3F51613}.Release|iPhoneSimulator.Deploy.0 = Release|Any CPU
		{0A385F47-4806-4C5D-8B2E-2204E3F51613}.Release|x64.ActiveCfg = Release|Any CPU
		{0A385F47-4806-4C5D-8B2E-2204E3F51613}.Release|x64.Build.0 = Release|Any CPU
		{0A385F47-4806-4C5D-8B2E-2204E3F51613}.Release|x64.Deploy.0 = Release|Any CPU
		{0A385F47-4806-4C5D-8B2E-2204E3F51613}.Release|x86.ActiveCfg = Release|Any CPU
		{0A385F47-4806-4C5D-8B2E-2204E3F51613}.Release|x86.Build.0 = Release|Any CPU
		{0A385F47-4806-4C5D-8B2E-2204E3F51613}.Release|x86.Deploy.0 = Release|Any CPU
		{151566D3-9AD7-419A-83CD-C24095D0587C}.Debug|Any CPU.ActiveCfg = Debug|iPhoneSimulator
		{151566D3-9AD7-419A-83CD-C24095D0587C}.Debug|ARM.ActiveCfg = Debug|iPhoneSimulator
		{151566D3-9AD7-419A-83CD-C24095D0587C}.Debug|iPhone.ActiveCfg = Debug|iPhone
		{151566D3-9AD7-419A-83CD-C24095D0587C}.Debug|iPhone.Build.0 = Debug|iPhone
		{151566D3-9AD7-419A-83CD-C24095D0587C}.Debug|iPhoneSimulator.ActiveCfg = Debug|iPhoneSimulator
		{151566D3-9AD7-419A-83CD-C24095D0587C}.Debug|iPhoneSimulator.Build.0 = Debug|iPhoneSimulator
		{151566D3-9AD7-419A-83CD-C24095D0587C}.Debug|x64.ActiveCfg = Debug|iPhoneSimulator
		{151566D3-9AD7-419A-83CD-C24095D0587C}.Debug|x86.ActiveCfg = Debug|iPhoneSimulator
		{151566D3-9AD7-419A-83CD-C24095D0587C}.Release|Any CPU.ActiveCfg = Release|iPhoneSimulator
		{151566D3-9AD7-419A-83CD-C24095D0587C}.Release|ARM.ActiveCfg = Release|iPhoneSimulator
		{151566D3-9AD7-419A-83CD-C24095D0587C}.Release|iPhone.ActiveCfg = Release|iPhone
		{151566D3-9AD7-419A-83CD-C24095D0587C}.Release|iPhone.Build.0 = Release|iPhone
		{151566D3-9AD7-419A-83CD-C24095D0587C}.Release|iPhoneSimulator.ActiveCfg = Release|iPhoneSimulator
		{151566D3-9AD7-419A-83CD-C24095D0587C}.Release|iPhoneSimulator.Build.0 = Release|iPhoneSimulator
		{151566D3-9AD7-419A-83CD-C24095D0587C}.Release|x64.ActiveCfg = Release|iPhoneSimulator
		{151566D3-9AD7-419A-83CD-C24095D0587C}.Release|x86.ActiveCfg = Release|iPhoneSimulator
		{B528B487-7A85-4AF8-A70F-F78AB4E20E1F}.Debug|Any CPU.ActiveCfg = Debug|Any CPU
		{B528B487-7A85-4AF8-A70F-F78AB4E20E1F}.Debug|Any CPU.Build.0 = Debug|Any CPU
		{B528B487-7A85-4AF8-A70F-F78AB4E20E1F}.Debug|ARM.ActiveCfg = Debug|Any CPU
		{B528B487-7A85-4AF8-A70F-F78AB4E20E1F}.Debug|ARM.Build.0 = Debug|Any CPU
		{B528B487-7A85-4AF8-A70F-F78AB4E20E1F}.Debug|iPhone.ActiveCfg = Debug|Any CPU
		{B528B487-7A85-4AF8-A70F-F78AB4E20E1F}.Debug|iPhone.Build.0 = Debug|Any CPU
		{B528B487-7A85-4AF8-A70F-F78AB4E20E1F}.Debug|iPhoneSimulator.ActiveCfg = Debug|Any CPU
		{B528B487-7A85-4AF8-A70F-F78AB4E20E1F}.Debug|iPhoneSimulator.Build.0 = Debug|Any CPU
		{B528B487-7A85-4AF8-A70F-F78AB4E20E1F}.Debug|x64.ActiveCfg = Debug|Any CPU
		{B528B487-7A85-4AF8-A70F-F78AB4E20E1F}.Debug|x64.Build.0 = Debug|Any CPU
		{B528B487-7A85-4AF8-A70F-F78AB4E20E1F}.Debug|x86.ActiveCfg = Debug|Any CPU
		{B528B487-7A85-4AF8-A70F-F78AB4E20E1F}.Debug|x86.Build.0 = Debug|Any CPU
		{B528B487-7A85-4AF8-A70F-F78AB4E20E1F}.Release|Any CPU.ActiveCfg = Release|Any CPU
		{B528B487-7A85-4AF8-A70F-F78AB4E20E1F}.Release|Any CPU.Build.0 = Release|Any CPU
		{B528B487-7A85-4AF8-A70F-F78AB4E20E1F}.Release|ARM.ActiveCfg = Release|Any CPU
		{B528B487-7A85-4AF8-A70F-F78AB4E20E1F}.Release|ARM.Build.0 = Release|Any CPU
		{B528B487-7A85-4AF8-A70F-F78AB4E20E1F}.Release|iPhone.ActiveCfg = Release|Any CPU
		{B528B487-7A85-4AF8-A70F-F78AB4E20E1F}.Release|iPhone.Build.0 = Release|Any CPU
		{B528B487-7A85-4AF8-A70F-F78AB4E20E1F}.Release|iPhoneSimulator.ActiveCfg = Release|Any CPU
		{B528B487-7A85-4AF8-A70F-F78AB4E20E1F}.Release|iPhoneSimulator.Build.0 = Release|Any CPU
		{B528B487-7A85-4AF8-A70F-F78AB4E20E1F}.Release|x64.ActiveCfg = Release|Any CPU
		{B528B487-7A85-4AF8-A70F-F78AB4E20E1F}.Release|x64.Build.0 = Release|Any CPU
		{B528B487-7A85-4AF8-A70F-F78AB4E20E1F}.Release|x86.ActiveCfg = Release|Any CPU
		{B528B487-7A85-4AF8-A70F-F78AB4E20E1F}.Release|x86.Build.0 = Release|Any CPU
		{63E66467-D34C-4AC3-A3FA-5BF526719040}.Debug|Any CPU.ActiveCfg = Debug|Any CPU
		{63E66467-D34C-4AC3-A3FA-5BF526719040}.Debug|Any CPU.Build.0 = Debug|Any CPU
		{63E66467-D34C-4AC3-A3FA-5BF526719040}.Debug|ARM.ActiveCfg = Debug|Any CPU
		{63E66467-D34C-4AC3-A3FA-5BF526719040}.Debug|ARM.Build.0 = Debug|Any CPU
		{63E66467-D34C-4AC3-A3FA-5BF526719040}.Debug|iPhone.ActiveCfg = Debug|Any CPU
		{63E66467-D34C-4AC3-A3FA-5BF526719040}.Debug|iPhone.Build.0 = Debug|Any CPU
		{63E66467-D34C-4AC3-A3FA-5BF526719040}.Debug|iPhoneSimulator.ActiveCfg = Debug|Any CPU
		{63E66467-D34C-4AC3-A3FA-5BF526719040}.Debug|iPhoneSimulator.Build.0 = Debug|Any CPU
		{63E66467-D34C-4AC3-A3FA-5BF526719040}.Debug|x64.ActiveCfg = Debug|Any CPU
		{63E66467-D34C-4AC3-A3FA-5BF526719040}.Debug|x64.Build.0 = Debug|Any CPU
		{63E66467-D34C-4AC3-A3FA-5BF526719040}.Debug|x86.ActiveCfg = Debug|Any CPU
		{63E66467-D34C-4AC3-A3FA-5BF526719040}.Debug|x86.Build.0 = Debug|Any CPU
		{63E66467-D34C-4AC3-A3FA-5BF526719040}.Release|Any CPU.ActiveCfg = Release|Any CPU
		{63E66467-D34C-4AC3-A3FA-5BF526719040}.Release|Any CPU.Build.0 = Release|Any CPU
		{63E66467-D34C-4AC3-A3FA-5BF526719040}.Release|ARM.ActiveCfg = Release|Any CPU
		{63E66467-D34C-4AC3-A3FA-5BF526719040}.Release|ARM.Build.0 = Release|Any CPU
		{63E66467-D34C-4AC3-A3FA-5BF526719040}.Release|iPhone.ActiveCfg = Release|Any CPU
		{63E66467-D34C-4AC3-A3FA-5BF526719040}.Release|iPhone.Build.0 = Release|Any CPU
		{63E66467-D34C-4AC3-A3FA-5BF526719040}.Release|iPhoneSimulator.ActiveCfg = Release|Any CPU
		{63E66467-D34C-4AC3-A3FA-5BF526719040}.Release|iPhoneSimulator.Build.0 = Release|Any CPU
		{63E66467-D34C-4AC3-A3FA-5BF526719040}.Release|x64.ActiveCfg = Release|Any CPU
		{63E66467-D34C-4AC3-A3FA-5BF526719040}.Release|x64.Build.0 = Release|Any CPU
		{63E66467-D34C-4AC3-A3FA-5BF526719040}.Release|x86.ActiveCfg = Release|Any CPU
		{63E66467-D34C-4AC3-A3FA-5BF526719040}.Release|x86.Build.0 = Release|Any CPU
		{204918EA-8AA5-412C-9233-A175440A3154}.Debug|Any CPU.ActiveCfg = Debug|Any CPU
		{204918EA-8AA5-412C-9233-A175440A3154}.Debug|Any CPU.Build.0 = Debug|Any CPU
		{204918EA-8AA5-412C-9233-A175440A3154}.Debug|ARM.ActiveCfg = Debug|Any CPU
		{204918EA-8AA5-412C-9233-A175440A3154}.Debug|ARM.Build.0 = Debug|Any CPU
		{204918EA-8AA5-412C-9233-A175440A3154}.Debug|iPhone.ActiveCfg = Debug|Any CPU
		{204918EA-8AA5-412C-9233-A175440A3154}.Debug|iPhone.Build.0 = Debug|Any CPU
		{204918EA-8AA5-412C-9233-A175440A3154}.Debug|iPhoneSimulator.ActiveCfg = Debug|Any CPU
		{204918EA-8AA5-412C-9233-A175440A3154}.Debug|iPhoneSimulator.Build.0 = Debug|Any CPU
		{204918EA-8AA5-412C-9233-A175440A3154}.Debug|x64.ActiveCfg = Debug|Any CPU
		{204918EA-8AA5-412C-9233-A175440A3154}.Debug|x64.Build.0 = Debug|Any CPU
		{204918EA-8AA5-412C-9233-A175440A3154}.Debug|x86.ActiveCfg = Debug|Any CPU
		{204918EA-8AA5-412C-9233-A175440A3154}.Debug|x86.Build.0 = Debug|Any CPU
		{204918EA-8AA5-412C-9233-A175440A3154}.Release|Any CPU.ActiveCfg = Release|Any CPU
		{204918EA-8AA5-412C-9233-A175440A3154}.Release|Any CPU.Build.0 = Release|Any CPU
		{204918EA-8AA5-412C-9233-A175440A3154}.Release|ARM.ActiveCfg = Release|Any CPU
		{204918EA-8AA5-412C-9233-A175440A3154}.Release|ARM.Build.0 = Release|Any CPU
		{204918EA-8AA5-412C-9233-A175440A3154}.Release|iPhone.ActiveCfg = Release|Any CPU
		{204918EA-8AA5-412C-9233-A175440A3154}.Release|iPhone.Build.0 = Release|Any CPU
		{204918EA-8AA5-412C-9233-A175440A3154}.Release|iPhoneSimulator.ActiveCfg = Release|Any CPU
		{204918EA-8AA5-412C-9233-A175440A3154}.Release|iPhoneSimulator.Build.0 = Release|Any CPU
		{204918EA-8AA5-412C-9233-A175440A3154}.Release|x64.ActiveCfg = Release|Any CPU
		{204918EA-8AA5-412C-9233-A175440A3154}.Release|x64.Build.0 = Release|Any CPU
		{204918EA-8AA5-412C-9233-A175440A3154}.Release|x86.ActiveCfg = Release|Any CPU
		{204918EA-8AA5-412C-9233-A175440A3154}.Release|x86.Build.0 = Release|Any CPU
		{07173AC9-0ECA-4A06-8687-9933F77E08C5}.Debug|Any CPU.ActiveCfg = Debug|Any CPU
		{07173AC9-0ECA-4A06-8687-9933F77E08C5}.Debug|Any CPU.Build.0 = Debug|Any CPU
		{07173AC9-0ECA-4A06-8687-9933F77E08C5}.Debug|ARM.ActiveCfg = Debug|Any CPU
		{07173AC9-0ECA-4A06-8687-9933F77E08C5}.Debug|ARM.Build.0 = Debug|Any CPU
		{07173AC9-0ECA-4A06-8687-9933F77E08C5}.Debug|iPhone.ActiveCfg = Debug|Any CPU
		{07173AC9-0ECA-4A06-8687-9933F77E08C5}.Debug|iPhone.Build.0 = Debug|Any CPU
		{07173AC9-0ECA-4A06-8687-9933F77E08C5}.Debug|iPhoneSimulator.ActiveCfg = Debug|Any CPU
		{07173AC9-0ECA-4A06-8687-9933F77E08C5}.Debug|iPhoneSimulator.Build.0 = Debug|Any CPU
		{07173AC9-0ECA-4A06-8687-9933F77E08C5}.Debug|x64.ActiveCfg = Debug|Any CPU
		{07173AC9-0ECA-4A06-8687-9933F77E08C5}.Debug|x64.Build.0 = Debug|Any CPU
		{07173AC9-0ECA-4A06-8687-9933F77E08C5}.Debug|x86.ActiveCfg = Debug|Any CPU
		{07173AC9-0ECA-4A06-8687-9933F77E08C5}.Debug|x86.Build.0 = Debug|Any CPU
		{07173AC9-0ECA-4A06-8687-9933F77E08C5}.Release|Any CPU.ActiveCfg = Release|Any CPU
		{07173AC9-0ECA-4A06-8687-9933F77E08C5}.Release|Any CPU.Build.0 = Release|Any CPU
		{07173AC9-0ECA-4A06-8687-9933F77E08C5}.Release|ARM.ActiveCfg = Release|Any CPU
		{07173AC9-0ECA-4A06-8687-9933F77E08C5}.Release|ARM.Build.0 = Release|Any CPU
		{07173AC9-0ECA-4A06-8687-9933F77E08C5}.Release|iPhone.ActiveCfg = Release|Any CPU
		{07173AC9-0ECA-4A06-8687-9933F77E08C5}.Release|iPhone.Build.0 = Release|Any CPU
		{07173AC9-0ECA-4A06-8687-9933F77E08C5}.Release|iPhoneSimulator.ActiveCfg = Release|Any CPU
		{07173AC9-0ECA-4A06-8687-9933F77E08C5}.Release|iPhoneSimulator.Build.0 = Release|Any CPU
		{07173AC9-0ECA-4A06-8687-9933F77E08C5}.Release|x64.ActiveCfg = Release|Any CPU
		{07173AC9-0ECA-4A06-8687-9933F77E08C5}.Release|x64.Build.0 = Release|Any CPU
		{07173AC9-0ECA-4A06-8687-9933F77E08C5}.Release|x86.ActiveCfg = Release|Any CPU
		{07173AC9-0ECA-4A06-8687-9933F77E08C5}.Release|x86.Build.0 = Release|Any CPU
		{542DE70C-F0CA-4D66-ACFB-ECF3FCC3A038}.Debug|Any CPU.ActiveCfg = Debug|Any CPU
		{542DE70C-F0CA-4D66-ACFB-ECF3FCC3A038}.Debug|Any CPU.Build.0 = Debug|Any CPU
		{542DE70C-F0CA-4D66-ACFB-ECF3FCC3A038}.Debug|ARM.ActiveCfg = Debug|Any CPU
		{542DE70C-F0CA-4D66-ACFB-ECF3FCC3A038}.Debug|ARM.Build.0 = Debug|Any CPU
		{542DE70C-F0CA-4D66-ACFB-ECF3FCC3A038}.Debug|iPhone.ActiveCfg = Debug|Any CPU
		{542DE70C-F0CA-4D66-ACFB-ECF3FCC3A038}.Debug|iPhone.Build.0 = Debug|Any CPU
		{542DE70C-F0CA-4D66-ACFB-ECF3FCC3A038}.Debug|iPhoneSimulator.ActiveCfg = Debug|Any CPU
		{542DE70C-F0CA-4D66-ACFB-ECF3FCC3A038}.Debug|iPhoneSimulator.Build.0 = Debug|Any CPU
		{542DE70C-F0CA-4D66-ACFB-ECF3FCC3A038}.Debug|x64.ActiveCfg = Debug|Any CPU
		{542DE70C-F0CA-4D66-ACFB-ECF3FCC3A038}.Debug|x64.Build.0 = Debug|Any CPU
		{542DE70C-F0CA-4D66-ACFB-ECF3FCC3A038}.Debug|x86.ActiveCfg = Debug|Any CPU
		{542DE70C-F0CA-4D66-ACFB-ECF3FCC3A038}.Debug|x86.Build.0 = Debug|Any CPU
		{542DE70C-F0CA-4D66-ACFB-ECF3FCC3A038}.Release|Any CPU.ActiveCfg = Release|Any CPU
		{542DE70C-F0CA-4D66-ACFB-ECF3FCC3A038}.Release|Any CPU.Build.0 = Release|Any CPU
		{542DE70C-F0CA-4D66-ACFB-ECF3FCC3A038}.Release|ARM.ActiveCfg = Release|Any CPU
		{542DE70C-F0CA-4D66-ACFB-ECF3FCC3A038}.Release|ARM.Build.0 = Release|Any CPU
		{542DE70C-F0CA-4D66-ACFB-ECF3FCC3A038}.Release|iPhone.ActiveCfg = Release|Any CPU
		{542DE70C-F0CA-4D66-ACFB-ECF3FCC3A038}.Release|iPhone.Build.0 = Release|Any CPU
		{542DE70C-F0CA-4D66-ACFB-ECF3FCC3A038}.Release|iPhoneSimulator.ActiveCfg = Release|Any CPU
		{542DE70C-F0CA-4D66-ACFB-ECF3FCC3A038}.Release|iPhoneSimulator.Build.0 = Release|Any CPU
		{542DE70C-F0CA-4D66-ACFB-ECF3FCC3A038}.Release|x64.ActiveCfg = Release|Any CPU
		{542DE70C-F0CA-4D66-ACFB-ECF3FCC3A038}.Release|x64.Build.0 = Release|Any CPU
		{542DE70C-F0CA-4D66-ACFB-ECF3FCC3A038}.Release|x86.ActiveCfg = Release|Any CPU
		{542DE70C-F0CA-4D66-ACFB-ECF3FCC3A038}.Release|x86.Build.0 = Release|Any CPU
		{D71B928B-CC27-4EED-8E5C-5EDFD3158D93}.Debug|Any CPU.ActiveCfg = Debug|Any CPU
		{D71B928B-CC27-4EED-8E5C-5EDFD3158D93}.Debug|Any CPU.Build.0 = Debug|Any CPU
		{D71B928B-CC27-4EED-8E5C-5EDFD3158D93}.Debug|ARM.ActiveCfg = Debug|Any CPU
		{D71B928B-CC27-4EED-8E5C-5EDFD3158D93}.Debug|ARM.Build.0 = Debug|Any CPU
		{D71B928B-CC27-4EED-8E5C-5EDFD3158D93}.Debug|iPhone.ActiveCfg = Debug|Any CPU
		{D71B928B-CC27-4EED-8E5C-5EDFD3158D93}.Debug|iPhone.Build.0 = Debug|Any CPU
		{D71B928B-CC27-4EED-8E5C-5EDFD3158D93}.Debug|iPhoneSimulator.ActiveCfg = Debug|Any CPU
		{D71B928B-CC27-4EED-8E5C-5EDFD3158D93}.Debug|iPhoneSimulator.Build.0 = Debug|Any CPU
		{D71B928B-CC27-4EED-8E5C-5EDFD3158D93}.Debug|x64.ActiveCfg = Debug|Any CPU
		{D71B928B-CC27-4EED-8E5C-5EDFD3158D93}.Debug|x64.Build.0 = Debug|Any CPU
		{D71B928B-CC27-4EED-8E5C-5EDFD3158D93}.Debug|x86.ActiveCfg = Debug|Any CPU
		{D71B928B-CC27-4EED-8E5C-5EDFD3158D93}.Debug|x86.Build.0 = Debug|Any CPU
		{D71B928B-CC27-4EED-8E5C-5EDFD3158D93}.Release|Any CPU.ActiveCfg = Release|Any CPU
		{D71B928B-CC27-4EED-8E5C-5EDFD3158D93}.Release|Any CPU.Build.0 = Release|Any CPU
		{D71B928B-CC27-4EED-8E5C-5EDFD3158D93}.Release|ARM.ActiveCfg = Release|Any CPU
		{D71B928B-CC27-4EED-8E5C-5EDFD3158D93}.Release|ARM.Build.0 = Release|Any CPU
		{D71B928B-CC27-4EED-8E5C-5EDFD3158D93}.Release|iPhone.ActiveCfg = Release|Any CPU
		{D71B928B-CC27-4EED-8E5C-5EDFD3158D93}.Release|iPhone.Build.0 = Release|Any CPU
		{D71B928B-CC27-4EED-8E5C-5EDFD3158D93}.Release|iPhoneSimulator.ActiveCfg = Release|Any CPU
		{D71B928B-CC27-4EED-8E5C-5EDFD3158D93}.Release|iPhoneSimulator.Build.0 = Release|Any CPU
		{D71B928B-CC27-4EED-8E5C-5EDFD3158D93}.Release|x64.ActiveCfg = Release|Any CPU
		{D71B928B-CC27-4EED-8E5C-5EDFD3158D93}.Release|x64.Build.0 = Release|Any CPU
		{D71B928B-CC27-4EED-8E5C-5EDFD3158D93}.Release|x86.ActiveCfg = Release|Any CPU
		{D71B928B-CC27-4EED-8E5C-5EDFD3158D93}.Release|x86.Build.0 = Release|Any CPU
		{A60328DC-53F7-4D19-B39D-9169C1913011}.Debug|Any CPU.ActiveCfg = Debug|Any CPU
		{A60328DC-53F7-4D19-B39D-9169C1913011}.Debug|Any CPU.Build.0 = Debug|Any CPU
		{A60328DC-53F7-4D19-B39D-9169C1913011}.Debug|Any CPU.Deploy.0 = Debug|Any CPU
		{A60328DC-53F7-4D19-B39D-9169C1913011}.Debug|ARM.ActiveCfg = Debug|Any CPU
		{A60328DC-53F7-4D19-B39D-9169C1913011}.Debug|ARM.Build.0 = Debug|Any CPU
		{A60328DC-53F7-4D19-B39D-9169C1913011}.Debug|ARM.Deploy.0 = Debug|Any CPU
		{A60328DC-53F7-4D19-B39D-9169C1913011}.Debug|iPhone.ActiveCfg = Debug|Any CPU
		{A60328DC-53F7-4D19-B39D-9169C1913011}.Debug|iPhone.Build.0 = Debug|Any CPU
		{A60328DC-53F7-4D19-B39D-9169C1913011}.Debug|iPhone.Deploy.0 = Debug|Any CPU
		{A60328DC-53F7-4D19-B39D-9169C1913011}.Debug|iPhoneSimulator.ActiveCfg = Debug|Any CPU
		{A60328DC-53F7-4D19-B39D-9169C1913011}.Debug|iPhoneSimulator.Build.0 = Debug|Any CPU
		{A60328DC-53F7-4D19-B39D-9169C1913011}.Debug|iPhoneSimulator.Deploy.0 = Debug|Any CPU
		{A60328DC-53F7-4D19-B39D-9169C1913011}.Debug|x64.ActiveCfg = Debug|Any CPU
		{A60328DC-53F7-4D19-B39D-9169C1913011}.Debug|x64.Build.0 = Debug|Any CPU
		{A60328DC-53F7-4D19-B39D-9169C1913011}.Debug|x64.Deploy.0 = Debug|Any CPU
		{A60328DC-53F7-4D19-B39D-9169C1913011}.Debug|x86.ActiveCfg = Debug|Any CPU
		{A60328DC-53F7-4D19-B39D-9169C1913011}.Debug|x86.Build.0 = Debug|Any CPU
		{A60328DC-53F7-4D19-B39D-9169C1913011}.Debug|x86.Deploy.0 = Debug|Any CPU
		{A60328DC-53F7-4D19-B39D-9169C1913011}.Release|Any CPU.ActiveCfg = Release|Any CPU
		{A60328DC-53F7-4D19-B39D-9169C1913011}.Release|Any CPU.Build.0 = Release|Any CPU
		{A60328DC-53F7-4D19-B39D-9169C1913011}.Release|Any CPU.Deploy.0 = Release|Any CPU
		{A60328DC-53F7-4D19-B39D-9169C1913011}.Release|ARM.ActiveCfg = Release|Any CPU
		{A60328DC-53F7-4D19-B39D-9169C1913011}.Release|ARM.Build.0 = Release|Any CPU
		{A60328DC-53F7-4D19-B39D-9169C1913011}.Release|ARM.Deploy.0 = Release|Any CPU
		{A60328DC-53F7-4D19-B39D-9169C1913011}.Release|iPhone.ActiveCfg = Release|Any CPU
		{A60328DC-53F7-4D19-B39D-9169C1913011}.Release|iPhone.Build.0 = Release|Any CPU
		{A60328DC-53F7-4D19-B39D-9169C1913011}.Release|iPhone.Deploy.0 = Release|Any CPU
		{A60328DC-53F7-4D19-B39D-9169C1913011}.Release|iPhoneSimulator.ActiveCfg = Release|Any CPU
		{A60328DC-53F7-4D19-B39D-9169C1913011}.Release|iPhoneSimulator.Build.0 = Release|Any CPU
		{A60328DC-53F7-4D19-B39D-9169C1913011}.Release|iPhoneSimulator.Deploy.0 = Release|Any CPU
		{A60328DC-53F7-4D19-B39D-9169C1913011}.Release|x64.ActiveCfg = Release|Any CPU
		{A60328DC-53F7-4D19-B39D-9169C1913011}.Release|x64.Build.0 = Release|Any CPU
		{A60328DC-53F7-4D19-B39D-9169C1913011}.Release|x64.Deploy.0 = Release|Any CPU
		{A60328DC-53F7-4D19-B39D-9169C1913011}.Release|x86.ActiveCfg = Release|Any CPU
		{A60328DC-53F7-4D19-B39D-9169C1913011}.Release|x86.Build.0 = Release|Any CPU
		{A60328DC-53F7-4D19-B39D-9169C1913011}.Release|x86.Deploy.0 = Release|Any CPU
		{829117A0-D2C4-4715-B4F0-90D421D76BAE}.Debug|Any CPU.ActiveCfg = Debug|Any CPU
		{829117A0-D2C4-4715-B4F0-90D421D76BAE}.Debug|Any CPU.Build.0 = Debug|Any CPU
		{829117A0-D2C4-4715-B4F0-90D421D76BAE}.Debug|Any CPU.Deploy.0 = Debug|Any CPU
		{829117A0-D2C4-4715-B4F0-90D421D76BAE}.Debug|ARM.ActiveCfg = Debug|Any CPU
		{829117A0-D2C4-4715-B4F0-90D421D76BAE}.Debug|ARM.Build.0 = Debug|Any CPU
		{829117A0-D2C4-4715-B4F0-90D421D76BAE}.Debug|ARM.Deploy.0 = Debug|Any CPU
		{829117A0-D2C4-4715-B4F0-90D421D76BAE}.Debug|iPhone.ActiveCfg = Debug|Any CPU
		{829117A0-D2C4-4715-B4F0-90D421D76BAE}.Debug|iPhone.Build.0 = Debug|Any CPU
		{829117A0-D2C4-4715-B4F0-90D421D76BAE}.Debug|iPhone.Deploy.0 = Debug|Any CPU
		{829117A0-D2C4-4715-B4F0-90D421D76BAE}.Debug|iPhoneSimulator.ActiveCfg = Debug|Any CPU
		{829117A0-D2C4-4715-B4F0-90D421D76BAE}.Debug|iPhoneSimulator.Build.0 = Debug|Any CPU
		{829117A0-D2C4-4715-B4F0-90D421D76BAE}.Debug|iPhoneSimulator.Deploy.0 = Debug|Any CPU
		{829117A0-D2C4-4715-B4F0-90D421D76BAE}.Debug|x64.ActiveCfg = Debug|Any CPU
		{829117A0-D2C4-4715-B4F0-90D421D76BAE}.Debug|x64.Build.0 = Debug|Any CPU
		{829117A0-D2C4-4715-B4F0-90D421D76BAE}.Debug|x64.Deploy.0 = Debug|Any CPU
		{829117A0-D2C4-4715-B4F0-90D421D76BAE}.Debug|x86.ActiveCfg = Debug|Any CPU
		{829117A0-D2C4-4715-B4F0-90D421D76BAE}.Debug|x86.Build.0 = Debug|Any CPU
		{829117A0-D2C4-4715-B4F0-90D421D76BAE}.Debug|x86.Deploy.0 = Debug|Any CPU
		{829117A0-D2C4-4715-B4F0-90D421D76BAE}.Release|Any CPU.ActiveCfg = Release|Any CPU
		{829117A0-D2C4-4715-B4F0-90D421D76BAE}.Release|Any CPU.Build.0 = Release|Any CPU
		{829117A0-D2C4-4715-B4F0-90D421D76BAE}.Release|Any CPU.Deploy.0 = Release|Any CPU
		{829117A0-D2C4-4715-B4F0-90D421D76BAE}.Release|ARM.ActiveCfg = Release|Any CPU
		{829117A0-D2C4-4715-B4F0-90D421D76BAE}.Release|ARM.Build.0 = Release|Any CPU
		{829117A0-D2C4-4715-B4F0-90D421D76BAE}.Release|ARM.Deploy.0 = Release|Any CPU
		{829117A0-D2C4-4715-B4F0-90D421D76BAE}.Release|iPhone.ActiveCfg = Release|Any CPU
		{829117A0-D2C4-4715-B4F0-90D421D76BAE}.Release|iPhone.Build.0 = Release|Any CPU
		{829117A0-D2C4-4715-B4F0-90D421D76BAE}.Release|iPhone.Deploy.0 = Release|Any CPU
		{829117A0-D2C4-4715-B4F0-90D421D76BAE}.Release|iPhoneSimulator.ActiveCfg = Release|Any CPU
		{829117A0-D2C4-4715-B4F0-90D421D76BAE}.Release|iPhoneSimulator.Build.0 = Release|Any CPU
		{829117A0-D2C4-4715-B4F0-90D421D76BAE}.Release|iPhoneSimulator.Deploy.0 = Release|Any CPU
		{829117A0-D2C4-4715-B4F0-90D421D76BAE}.Release|x64.ActiveCfg = Release|Any CPU
		{829117A0-D2C4-4715-B4F0-90D421D76BAE}.Release|x64.Build.0 = Release|Any CPU
		{829117A0-D2C4-4715-B4F0-90D421D76BAE}.Release|x64.Deploy.0 = Release|Any CPU
		{829117A0-D2C4-4715-B4F0-90D421D76BAE}.Release|x86.ActiveCfg = Release|Any CPU
		{829117A0-D2C4-4715-B4F0-90D421D76BAE}.Release|x86.Build.0 = Release|Any CPU
		{829117A0-D2C4-4715-B4F0-90D421D76BAE}.Release|x86.Deploy.0 = Release|Any CPU
	EndGlobalSection
	GlobalSection(SolutionProperties) = preSolution
		HideSolutionNode = FALSE
	EndGlobalSection
	GlobalSection(NestedProjects) = preSolution
		{5E7CF6FB-A37C-4FCA-AC9F-3B0C4D855118} = {CF791B60-E995-49FF-B373-F8078A92EFDF}
		{D44A2F0A-ED02-47FA-AAFE-976602C48356} = {CF791B60-E995-49FF-B373-F8078A92EFDF}
		{ACF3E0AB-885B-4E51-B939-C362E2C0E0FB} = {5E7CF6FB-A37C-4FCA-AC9F-3B0C4D855118}
		{0A385F47-4806-4C5D-8B2E-2204E3F51613} = {5E7CF6FB-A37C-4FCA-AC9F-3B0C4D855118}
		{151566D3-9AD7-419A-83CD-C24095D0587C} = {5E7CF6FB-A37C-4FCA-AC9F-3B0C4D855118}
		{B528B487-7A85-4AF8-A70F-F78AB4E20E1F} = {5E7CF6FB-A37C-4FCA-AC9F-3B0C4D855118}
		{63E66467-D34C-4AC3-A3FA-5BF526719040} = {D44A2F0A-ED02-47FA-AAFE-976602C48356}
		{204918EA-8AA5-412C-9233-A175440A3154} = {D44A2F0A-ED02-47FA-AAFE-976602C48356}
		{07173AC9-0ECA-4A06-8687-9933F77E08C5} = {D44A2F0A-ED02-47FA-AAFE-976602C48356}
		{46DF738A-1FD3-4CB7-8C7D-05286FC73F8F} = {5D2EEEE7-526B-418C-BBF1-336320E1D565}
		{FDFAD3DC-691F-4A26-BB2D-6F8327FAFC84} = {5D2EEEE7-526B-418C-BBF1-336320E1D565}
		{542DE70C-F0CA-4D66-ACFB-ECF3FCC3A038} = {46DF738A-1FD3-4CB7-8C7D-05286FC73F8F}
		{D71B928B-CC27-4EED-8E5C-5EDFD3158D93} = {FDFAD3DC-691F-4A26-BB2D-6F8327FAFC84}
		{A60328DC-53F7-4D19-B39D-9169C1913011} = {D6404729-4642-4886-80DB-30F762D8B8F9}
		{829117A0-D2C4-4715-B4F0-90D421D76BAE} = {D6404729-4642-4886-80DB-30F762D8B8F9}
	EndGlobalSection
	GlobalSection(ExtensibilityGlobals) = postSolution
		SolutionGuid = {4B4A3C44-9566-4EB4-8C6E-CB3284E9B25B}
	EndGlobalSection
EndGlobal
